
Microsoft Visual Studio Solution File, Format Version 12.00
Project("{FAE04EC0-301F-11D3-BF4B-00C04F79EFBC}") = "Shapes", "Shapes\Shapes.csproj", "{0456FBB0-58FB-49DD-A79F-DFAD1609A791}"
EndProject
Project("{FAE04EC0-301F-11D3-BF4B-00C04F79EFBC}") = "ShapesTest", "ShapesTest\ShapesTest.csproj", "{306EB801-6FE6-4219-96CB-5A6063D59348}"
EndProject
Project("{FAE04EC0-301F-11D3-BF4B-00C04F79EFBC}") = "Calculator", "Calculator\Calculator.csproj", "{8A3E6A43-3C03-4559-8481-56B438FF2369}"
EndProject
Project("{FAE04EC0-301F-11D3-BF4B-00C04F79EFBC}") = "CalculatorTest", "CalculatorTest\CalculatorTest.csproj", "{D3D44796-812C-435F-9476-0E5A96EE0ACD}"
EndProject
Global
	GlobalSection(SolutionConfigurationPlatforms) = preSolution
		Debug|Any CPU = Debug|Any CPU
		Release|Any CPU = Release|Any CPU
	EndGlobalSection
	GlobalSection(ProjectConfigurationPlatforms) = postSolution
		{0456FBB0-58FB-49DD-A79F-DFAD1609A791}.Debug|Any CPU.ActiveCfg = Debug|Any CPU
		{0456FBB0-58FB-49DD-A79F-DFAD1609A791}.Debug|Any CPU.Build.0 = Debug|Any CPU
		{0456FBB0-58FB-49DD-A79F-DFAD1609A791}.Release|Any CPU.ActiveCfg = Release|Any CPU
		{0456FBB0-58FB-49DD-A79F-DFAD1609A791}.Release|Any CPU.Build.0 = Release|Any CPU
		{306EB801-6FE6-4219-96CB-5A6063D59348}.Debug|Any CPU.ActiveCfg = Debug|Any CPU
		{306EB801-6FE6-4219-96CB-5A6063D59348}.Debug|Any CPU.Build.0 = Debug|Any CPU
		{306EB801-6FE6-4219-96CB-5A6063D59348}.Release|Any CPU.ActiveCfg = Release|Any CPU
		{306EB801-6FE6-4219-96CB-5A6063D59348}.Release|Any CPU.Build.0 = Release|Any CPU
		{8A3E6A43-3C03-4559-8481-56B438FF2369}.Debug|Any CPU.ActiveCfg = Debug|Any CPU
		{8A3E6A43-3C03-4559-8481-56B438FF2369}.Debug|Any CPU.Build.0 = Debug|Any CPU
		{8A3E6A43-3C03-4559-8481-56B438FF2369}.Release|Any CPU.ActiveCfg = Release|Any CPU
		{8A3E6A43-3C03-4559-8481-56B438FF2369}.Release|Any CPU.Build.0 = Release|Any CPU
		{D3D44796-812C-435F-9476-0E5A96EE0ACD}.Debug|Any CPU.ActiveCfg = Debug|Any CPU
		{D3D44796-812C-435F-9476-0E5A96EE0ACD}.Debug|Any CPU.Build.0 = Debug|Any CPU
		{D3D44796-812C-435F-9476-0E5A96EE0ACD}.Release|Any CPU.ActiveCfg = Release|Any CPU
		{D3D44796-812C-435F-9476-0E5A96EE0ACD}.Release|Any CPU.Build.0 = Release|Any CPU
	EndGlobalSection
EndGlobal
